<?xml version="1.0" encoding="UTF-8" standalone="yes" ?>
<CodeBlocks_project_file>
	<FileVersion major="1" minor="6" />
	<Project>
		<Option title="snl" />
		<Option pch_mode="2" />
		<Option compiler="gcc" />
		<Build>
			<Target title="Debug">
				<Option output="bin/Debug/snl" prefix_auto="1" extension_auto="1" />
				<Option object_output="obj/Debug/" />
				<Option type="1" />
				<Option compiler="gcc" />
				<Compiler>
					<Add option="-g" />
				</Compiler>
			</Target>
			<Target title="Release">
				<Option output="bin/Release/snl" prefix_auto="1" extension_auto="1" />
				<Option object_output="obj/Release/" />
				<Option type="1" />
				<Option compiler="gcc" />
				<Compiler>
					<Add option="-O2" />
				</Compiler>
				<Linker>
					<Add option="-s" />
				</Linker>
			</Target>
		</Build>
		<Compiler>
			<Add option="-Wall" />
			<Add option="-fexceptions" />
		</Compiler>
		<Unit filename="List.cpp" />
		<Unit filename="List.h" />
		<Unit filename="getNewTreeNode.cpp" />
		<Unit filename="getNewTreeNode.h" />
		<Unit filename="global.h" />
		<Unit filename="interfaceMidCode.h" />
		<Unit filename="interfaceObjectCode.h" />
		<Unit filename="listNode.h" />
		<Unit filename="main.cpp" />
		<Unit filename="middleCodeGen.cpp" />
		<Unit filename="middleCodeGen.h" />
		<Unit filename="objectCodeGen.cpp" />
		<Unit filename="objectCodeGen.h" />
		<Unit filename="operatorSymbolTable.cpp" />
		<Unit filename="operatorSymbolTable.h" />
		<Unit filename="printTree.cpp" />
		<Unit filename="rd.cpp" />
		<Unit filename="rd.h" />
		<Unit filename="scanner.cpp" />
		<Unit filename="scanner.h" />
		<Unit filename="semanticAnalysis.cpp" />
		<Unit filename="semanticAnalysis.h" />
		<Unit filename="symbolTable.h" />
		<Unit filename="token.h" />
		<Unit filename="tree.h" />
		<Unit filename="treeNode.h" />
		<Extensions>
			<code_completion />
			<envvars />
			<debugger />
			<lib_finder disable_auto="1" />
			<wxsmith version="1">
				<gui name="wxWidgets" src="" main="" init_handlers="necessary" language="CPP" />
			</wxsmith>
		</Extensions>
	</Project>
</CodeBlocks_project_file>
